// !$*UTF8*$!
{
	archiveVersion = 1;
	classes = {
	};
	objectVersion = 77;
	objects = {

/* Begin PBXContainerItemProxy section */
		756546F22DAFF7BB00A6A0B1 /* PBXContainerItemProxy */ = {
			isa = PBXContainerItemProxy;
			containerPortal = 756546D02DAFF7B800A6A0B1 /* Project object */;
			proxyType = 1;
			remoteGlobalIDString = 756546D72DAFF7B800A6A0B1;
			remoteInfo = SwiftMVVMApp;
		};
		756546FC2DAFF7BB00A6A0B1 /* PBXContainerItemProxy */ = {
			isa = PBXContainerItemProxy;
			containerPortal = 756546D02DAFF7B800A6A0B1 /* Project object */;
			proxyType = 1;
			remoteGlobalIDString = 756546D72DAFF7B800A6A0B1;
			remoteInfo = SwiftMVVMApp;
		};
/* End PBXContainerItemProxy section */

/* Begin PBXFileReference section */
		756546D82DAFF7B800A6A0B1 /* SwiftMVVMApp.app */ = {isa = PBXFileReference; explicitFileType = wrapper.application; includeInIndex = 0; path = SwiftMVVMApp.app; sourceTree = BUILT_PRODUCTS_DIR; };
		756546F12DAFF7BB00A6A0B1 /* SwiftMVVMAppTests.xctest */ = {isa = PBXFileReference; explicitFileType = wrapper.cfbundle; includeInIndex = 0; path = SwiftMVVMAppTests.xctest; sourceTree = BUILT_PRODUCTS_DIR; };
		756546FB2DAFF7BB00A6A0B1 /* SwiftMVVMAppUITests.xctest */ = {isa = PBXFileReference; explicitFileType = wrapper.cfbundle; includeInIndex = 0; path = SwiftMVVMAppUITests.xctest; sourceTree = BUILT_PRODUCTS_DIR; };
/* End PBXFileReference section */

/* Begin PBXFileSystemSynchronizedRootGroup section */
		756546DA2DAFF7B800A6A0B1 /* SwiftMVVMApp */ = {
			isa = PBXFileSystemSynchronizedRootGroup;
			path = SwiftMVVMApp;
			sourceTree = "<group>";
		};
		756546F42DAFF7BB00A6A0B1 /* SwiftMVVMAppTests */ = {
			isa = PBXFileSystemSynchronizedRootGroup;
			path = SwiftMVVMAppTests;
			sourceTree = "<group>";
		};
		756546FE2DAFF7BB00A6A0B1 /* SwiftMVVMAppUITests */ = {
			isa = PBXFileSystemSynchronizedRootGroup;
			path = SwiftMVVMAppUITests;
			sourceTree = "<group>";
		};
/* End PBXFileSystemSynchronizedRootGroup section */

/* Begin PBXFrameworksBuildPhase section */
		756546D52DAFF7B800A6A0B1 /* Frameworks */ = {
			isa = PBXFrameworksBuildPhase;
			buildActionMask = 2147483647;
			files = (
			);
			runOnlyForDeploymentPostprocessing = 0;
		};
		756546EE2DAFF7BB00A6A0B1 /* Frameworks */ = {
			isa = PBXFrameworksBuildPhase;
			buildActionMask = 2147483647;
			files = (
			);
			runOnlyForDeploymentPostprocessing = 0;
		};
		756546F82DAFF7BB00A6A0B1 /* Frameworks */ = {
			isa = PBXFrameworksBuildPhase;
			buildActionMask = 2147483647;
			files = (
			);
			runOnlyForDeploymentPostprocessing = 0;
		};
/* End PBXFrameworksBuildPhase section */

/* Begin PBXGroup section */
		756546CF2DAFF7B800A6A0B1 = {
			isa = PBXGroup;
			children = (
				756546DA2DAFF7B800A6A0B1 /* SwiftMVVMApp */,
				756546F42DAFF7BB00A6A0B1 /* SwiftMVVMAppTests */,
				756546FE2DAFF7BB00A6A0B1 /* SwiftMVVMAppUITests */,
				756546D92DAFF7B800A6A0B1 /* Products */,
			);
			sourceTree = "<group>";
		};
		756546D92DAFF7B800A6A0B1 /* Products */ = {
			isa = PBXGroup;
			children = (
				756546D82DAFF7B800A6A0B1 /* SwiftMVVMApp.app */,
				756546F12DAFF7BB00A6A0B1 /* SwiftMVVMAppTests.xctest */,
				756546FB2DAFF7BB00A6A0B1 /* SwiftMVVMAppUITests.xctest */,
			);
			name = Products;
			sourceTree = "<group>";
		};
/* End PBXGroup section */

/* Begin PBXNativeTarget section */
		756546D72DAFF7B800A6A0B1 /* SwiftMVVMApp */ = {
			isa = PBXNativeTarget;
			buildConfigurationList = 756547042DAFF7BB00A6A0B1 /* Build configuration list for PBXNativeTarget "SwiftMVVMApp" */;
			buildPhases = (
				756546D42DAFF7B800A6A0B1 /* Sources */,
				756546D52DAFF7B800A6A0B1 /* Frameworks */,
				756546D62DAFF7B800A6A0B1 /* Resources */,
			);
			buildRules = (
			);
			dependencies = (
			);
			fileSystemSynchronizedGroups = (
				756546DA2DAFF7B800A6A0B1 /* SwiftMVVMApp */,
			);
			name = SwiftMVVMApp;
			packageProductDependencies = (
			);
			productName = SwiftMVVMApp;
			productReference = 756546D82DAFF7B800A6A0B1 /* SwiftMVVMApp.app */;
			productType = "com.apple.product-type.application";
		};
		756546F02DAFF7BB00A6A0B1 /* SwiftMVVMAppTests */ = {
			isa = PBXNativeTarget;
			buildConfigurationList = 756547092DAFF7BB00A6A0B1 /* Build configuration list for PBXNativeTarget "SwiftMVVMAppTests" */;
			buildPhases = (
				756546ED2DAFF7BB00A6A0B1 /* Sources */,
				756546EE2DAFF7BB00A6A0B1 /* Frameworks */,
				756546EF2DAFF7BB00A6A0B1 /* Resources */,
			);
			buildRules = (
			);
			dependencies = (
				756546F32DAFF7BB00A6A0B1 /* PBXTargetDependency */,
			);
			fileSystemSynchronizedGroups = (
				756546F42DAFF7BB00A6A0B1 /* SwiftMVVMAppTests */,
			);
			name = SwiftMVVMAppTests;
			packageProductDependencies = (
			);
			productName = SwiftMVVMAppTests;
			productReference = 756546F12DAFF7BB00A6A0B1 /* SwiftMVVMAppTests.xctest */;
			productType = "com.apple.product-type.bundle.unit-test";
		};
		756546FA2DAFF7BB00A6A0B1 /* SwiftMVVMAppUITests */ = {
			isa = PBXNativeTarget;
			buildConfigurationList = 7565470C2DAFF7BB00A6A0B1 /* Build configuration list for PBXNativeTarget "SwiftMVVMAppUITests" */;
			buildPhases = (
				756546F72DAFF7BB00A6A0B1 /* Sources */,
				756546F82DAFF7BB00A6A0B1 /* Frameworks */,
				756546F92DAFF7BB00A6A0B1 /* Resources */,
			);
			buildRules = (
			);
			dependencies = (
				756546FD2DAFF7BB00A6A0B1 /* PBXTargetDependency */,
			);
			fileSystemSynchronizedGroups = (
				756546FE2DAFF7BB00A6A0B1 /* SwiftMVVMAppUITests */,
			);
			name = SwiftMVVMAppUITests;
			packageProductDependencies = (
			);
			productName = SwiftMVVMAppUITests;
			productReference = 756546FB2DAFF7BB00A6A0B1 /* SwiftMVVMAppUITests.xctest */;
			productType = "com.apple.product-type.bundle.ui-testing";
		};
/* End PBXNativeTarget section */

/* Begin PBXProject section */
		756546D02DAFF7B800A6A0B1 /* Project object */ = {
			isa = PBXProject;
			attributes = {
				BuildIndependentTargetsInParallel = 1;
				LastSwiftUpdateCheck = 1630;
				LastUpgradeCheck = 1630;
				TargetAttributes = {
					756546D72DAFF7B800A6A0B1 = {
						CreatedOnToolsVersion = 16.3;
					};
					756546F02DAFF7BB00A6A0B1 = {
						CreatedOnToolsVersion = 16.3;
						TestTargetID = 756546D72DAFF7B800A6A0B1;
					};
					756546FA2DAFF7BB00A6A0B1 = {
						CreatedOnToolsVersion = 16.3;
						TestTargetID = 756546D72DAFF7B800A6A0B1;
					};
				};
			};
			buildConfigurationList = 756546D32DAFF7B800A6A0B1 /* Build configuration list for PBXProject "SwiftMVVMApp" */;
			developmentRegion = en;
			hasScannedForEncodings = 0;
			knownRegions = (
				en,
				Base,
			);
			mainGroup = 756546CF2DAFF7B800A6A0B1;
			minimizedProjectReferenceProxies = 1;
			preferredProjectObjectVersion = 77;
			productRefGroup = 756546D92DAFF7B800A6A0B1 /* Products */;
			projectDirPath = "";
			projectRoot = "";
			targets = (
				756546D72DAFF7B800A6A0B1 /* SwiftMVVMApp */,
				756546F02DAFF7BB00A6A0B1 /* SwiftMVVMAppTests */,
				756546FA2DAFF7BB00A6A0B1 /* SwiftMVVMAppUITests */,
			);
		};
/* End PBXProject section */

/* Begin PBXResourcesBuildPhase section */
		756546D62DAFF7B800A6A0B1 /* Resources */ = {
			isa = PBXResourcesBuildPhase;
			buildActionMask = 2147483647;
			files = (
			);
			runOnlyForDeploymentPostprocessing = 0;
		};
		756546EF2DAFF7BB00A6A0B1 /* Resources */ = {
			isa = PBXResourcesBuildPhase;
			buildActionMask = 2147483647;
			files = (
			);
			runOnlyForDeploymentPostprocessing = 0;
		};
		756546F92DAFF7BB00A6A0B1 /* Resources */ = {
			isa = PBXResourcesBuildPhase;
			buildActionMask = 2147483647;
			files = (
			);
			runOnlyForDeploymentPostprocessing = 0;
		};
/* End PBXResourcesBuildPhase section */

/* Begin PBXSourcesBuildPhase section */
		756546D42DAFF7B800A6A0B1 /* Sources */ = {
			isa = PBXSourcesBuildPhase;
			buildActionMask = 2147483647;
			files = (
			);
			runOnlyForDeploymentPostprocessing = 0;
		};
		756546ED2DAFF7BB00A6A0B1 /* Sources */ = {
			isa = PBXSourcesBuildPhase;
			buildActionMask = 2147483647;
			files = (
			);
			runOnlyForDeploymentPostprocessing = 0;
		};
		756546F72DAFF7BB00A6A0B1 /* Sources */ = {
			isa = PBXSourcesBuildPhase;
			buildActionMask = 2147483647;
			files = (
			);
			runOnlyForDeploymentPostprocessing = 0;
		};
/* End PBXSourcesBuildPhase section */

/* Begin PBXTargetDependency section */
		756546F32DAFF7BB00A6A0B1 /* PBXTargetDependency */ = {
			isa = PBXTargetDependency;
			target = 756546D72DAFF7B800A6A0B1 /* SwiftMVVMApp */;
			targetProxy = 756546F22DAFF7BB00A6A0B1 /* PBXContainerItemProxy */;
		};
		756546FD2DAFF7BB00A6A0B1 /* PBXTargetDependency */ = {
			isa = PBXTargetDependency;
			target = 756546D72DAFF7B800A6A0B1 /* SwiftMVVMApp */;
			targetProxy = 756546FC2DAFF7BB00A6A0B1 /* PBXContainerItemProxy */;
		};
/* End PBXTargetDependency section */

/* Begin XCBuildConfiguration section */
		756547052DAFF7BB00A6A0B1 /* Debug */ = {
			isa = XCBuildConfiguration;
			buildSettings = {
				ASSETCATALOG_COMPILER_APPICON_NAME = AppIcon;
				ASSETCATALOG_COMPILER_GLOBAL_ACCENT_COLOR_NAME = AccentColor;
				CODE_SIGN_STYLE = Automatic;
				CURRENT_PROJECT_VERSION = 1;
				DEVELOPMENT_TEAM = UAQHTZ8555;
				GENERATE_INFOPLIST_FILE = YES;
				INFOPLIST_FILE = SwiftMVVMApp/Info.plist;
				INFOPLIST_KEY_UIApplicationSupportsIndirectInputEvents = YES;
				INFOPLIST_KEY_UILaunchStoryboardName = LaunchScreen;
				INFOPLIST_KEY_UIMainStoryboardFile = Main;
				INFOPLIST_KEY_UISupportedInterfaceOrientations_iPad = "UIInterfaceOrientationPortrait UIInterfaceOrientationPortraitUpsideDown UIInterfaceOrientationLandscapeLeft UIInterfaceOrientationLandscapeRight";
				INFOPLIST_KEY_UISupportedInterfaceOrientations_iPhone = "UIInterfaceOrientationPortrait UIInterfaceOrientationLandscapeLeft UIInterfaceOrientationLandscapeRight";
				LD_RUNPATH_SEARCH_PATHS = (
					"$(inherited)",
					"@executable_path/Frameworks",
				);
				MARKETING_VERSION = 1.0;
				PRODUCT_BUNDLE_IDENTIFIER = com.Demo.NewsApp.SwiftMVVMApp;
				PRODUCT_NAME = "$(TARGET_NAME)";
				SWIFT_EMIT_LOC_STRINGS = YES;
				SWIFT_VERSION = 5.0;
				TARGETED_DEVICE_FAMILY = "1,2";
			};
			name = Debug;
		};
		756547062DAFF7BB00A6A0B1 /* Release */ = {
			isa = XCBuildConfiguration;
			buildSettings = {
				ASSETCATALOG_COMPILER_APPICON_NAME = AppIcon;
				ASSETCATALOG_COMPILER_GLOBAL_ACCENT_COLOR_NAME = AccentColor;
				CODE_SIGN_STYLE = Automatic;
				CURRENT_PROJECT_VERSION = 1;
				DEVELOPMENT_TEAM = UAQHTZ8555;
				GENERATE_INFOPLIST_FILE = YES;
				INFOPLIST_FILE = SwiftMVVMApp/Info.plist;
				INFOPLIST_KEY_UIApplicationSupportsIndirectInputEvents = YES;
				INFOPLIST_KEY_UILaunchStoryboardName = LaunchScreen;
				INFOPLIST_KEY_UIMainStoryboardFile = Main;
				INFOPLIST_KEY_UISupportedInterfaceOrientations_iPad = "UIInterfaceOrientationPortrait UIInterfaceOrientationPortraitUpsideDown UIInterfaceOrientationLandscapeLeft UIInterfaceOrientationLandscapeRight";
				INFOPLIST_KEY_UISupportedInterfaceOrientations_iPhone = "UIInterfaceOrientationPortrait UIInterfaceOrientationLandscapeLeft UIInterfaceOrientationLandscapeRight";
				LD_RUNPATH_SEARCH_PATHS = (
					"$(inherited)",
					"@executable_path/Frameworks",
				);
				MARKETING_VERSION = 1.0;
				PRODUCT_BUNDLE_IDENTIFIER = com.Demo.NewsApp.SwiftMVVMApp;
				PRODUCT_NAME = "$(TARGET_NAME)";
				SWIFT_EMIT_LOC_STRINGS = YES;
				SWIFT_VERSION = 5.0;
				TARGETED_DEVICE_FAMILY = "1,2";
			};
			name = Release;
		};
		756547072DAFF7BB00A6A0B1 /* Debug */ = {
			isa = XCBuildConfiguration;
			buildSettings = {
				ALWAYS_SEARCH_USER_PATHS = NO;
				ASSETCATALOG_COMPILER_GENERATE_SWIFT_ASSET_SYMBOL_EXTENSIONS = YES;
				CLANG_ANALYZER_NONNULL = YES;
				CLANG_ANALYZER_NUMBER_OBJECT_CONVERSION = YES_AGGRESSIVE;
				CLANG_CXX_LANGUAGE_STANDARD = "gnu++20";
				CLANG_ENABLE_MODULES = YES;
				CLANG_ENABLE_OBJC_ARC = YES;
				CLANG_ENABLE_OBJC_WEAK = YES;
				CLANG_WARN_BLOCK_CAPTURE_AUTORELEASING = YES;
				CLANG_WARN_BOOL_CONVERSION = YES;
				CLANG_WARN_COMMA = YES;
				CLANG_WARN_CONSTANT_CONVERSION = YES;
				CLANG_WARN_DEPRECATED_OBJC_IMPLEMENTATIONS = YES;
				CLANG_WARN_DIRECT_OBJC_ISA_USAGE = YES_ERROR;
				CLANG_WARN_DOCUMENTATION_COMMENTS = YES;
				CLANG_WARN_EMPTY_BODY = YES;
				CLANG_WARN_ENUM_CONVERSION = YES;
				CLANG_WARN_INFINITE_RECURSION = YES;
				CLANG_WARN_INT_CONVERSION = YES;
				CLANG_WARN_NON_LITERAL_NULL_CONVERSION = YES;
				CLANG_WARN_OBJC_IMPLICIT_RETAIN_SELF = YES;
				CLANG_WARN_OBJC_LITERAL_CONVERSION = YES;
				CLANG_WARN_OBJC_ROOT_CLASS = YES_ERROR;
				CLANG_WARN_QUOTED_INCLUDE_IN_FRAMEWORK_HEADER = YES;
				CLANG_WARN_RANGE_LOOP_ANALYSIS = YES;
				CLANG_WARN_STRICT_PROTOTYPES = YES;
				CLANG_WARN_SUSPICIOUS_MOVE = YES;
				CLANG_WARN_UNGUARDED_AVAILABILITY = YES_AGGRESSIVE;
				CLANG_WARN_UNREACHABLE_CODE = YES;
				CLANG_WARN__DUPLICATE_METHOD_MATCH = YES;
				COPY_PHASE_STRIP = NO;
				DEBUG_INFORMATION_FORMAT = dwarf;
				DEVELOPMENT_TEAM = UAQHTZ8555;
				ENABLE_STRICT_OBJC_MSGSEND = YES;
				ENABLE_TESTABILITY = YES;
				ENABLE_USER_SCRIPT_SANDBOXING = YES;
				GCC_C_LANGUAGE_STANDARD = gnu17;
				GCC_DYNAMIC_NO_PIC = NO;
				GCC_NO_COMMON_BLOCKS = YES;
				GCC_OPTIMIZATION_LEVEL = 0;
				GCC_PREPROCESSOR_DEFINITIONS = (
					"DEBUG=1",
					"$(inherited)",
				);
				GCC_WARN_64_TO_32_BIT_CONVERSION = YES;
				GCC_WARN_ABOUT_RETURN_TYPE = YES_ERROR;
				GCC_WARN_UNDECLARED_SELECTOR = YES;
				GCC_WARN_UNINITIALIZED_AUTOS = YES_AGGRESSIVE;
				GCC_WARN_UNUSED_FUNCTION = YES;
				GCC_WARN_UNUSED_VARIABLE = YES;
				IPHONEOS_DEPLOYMENT_TARGET = 18.4;
				LOCALIZATION_PREFERS_STRING_CATALOGS = YES;
				MTL_ENABLE_DEBUG_INFO = INCLUDE_SOURCE;
				MTL_FAST_MATH = YES;
				ONLY_ACTIVE_ARCH = YES;
				SDKROOT = iphoneos;
				SWIFT_ACTIVE_COMPILATION_CONDITIONS = "DEBUG $(inherited)";
				SWIFT_OPTIMIZATION_LEVEL = "-Onone";
			};
			name = Debug;
		};
		756547082DAFF7BB00A6A0B1 /* Release */ = {
			isa = XCBuildConfiguration;
			buildSettings = {
				ALWAYS_SEARCH_USER_PATHS = NO;
				ASSETCATALOG_COMPILER_GENERATE_SWIFT_ASSET_SYMBOL_EXTENSIONS = YES;
				CLANG_ANALYZER_NONNULL = YES;
				CLANG_ANALYZER_NUMBER_OBJECT_CONVERSION = YES_AGGRESSIVE;
				CLANG_CXX_LANGUAGE_STANDARD = "gnu++20";
				CLANG_ENABLE_MODULES = YES;
				CLANG_ENABLE_OBJC_ARC = YES;
				CLANG_ENABLE_OBJC_WEAK = YES;
				CLANG_WARN_BLOCK_CAPTURE_AUTORELEASING = YES;
				CLANG_WARN_BOOL_CONVERSION = YES;
				CLANG_WARN_COMMA = YES;
				CLANG_WARN_CONSTANT_CONVERSION = YES;
				CLANG_WARN_DEPRECATED_OBJC_IMPLEMENTATIONS = YES;
				CLANG_WARN_DIRECT_OBJC_ISA_USAGE = YES_ERROR;
				CLANG_WARN_DOCUMENTATION_COMMENTS = YES;
				CLANG_WARN_EMPTY_BODY = YES;
				CLANG_WARN_ENUM_CONVERSION = YES;
				CLANG_WARN_INFINITE_RECURSION = YES;
				CLANG_WARN_INT_CONVERSION = YES;
				CLANG_WARN_NON_LITERAL_NULL_CONVERSION = YES;
				CLANG_WARN_OBJC_IMPLICIT_RETAIN_SELF = YES;
				CLANG_WARN_OBJC_LITERAL_CONVERSION = YES;
				CLANG_WARN_OBJC_ROOT_CLASS = YES_ERROR;
				CLANG_WARN_QUOTED_INCLUDE_IN_FRAMEWORK_HEADER = YES;
				CLANG_WARN_RANGE_LOOP_ANALYSIS = YES;
				CLANG_WARN_STRICT_PROTOTYPES = YES;
				CLANG_WARN_SUSPICIOUS_MOVE = YES;
				CLANG_WARN_UNGUARDED_AVAILABILITY = YES_AGGRESSIVE;
				CLANG_WARN_UNREACHABLE_CODE = YES;
				CLANG_WARN__DUPLICATE_METHOD_MATCH = YES;
				COPY_PHASE_STRIP = NO;
				DEBUG_INFORMATION_FORMAT = "dwarf-with-dsym";
				DEVELOPMENT_TEAM = UAQHTZ8555;
				ENABLE_NS_ASSERTIONS = NO;
				ENABLE_STRICT_OBJC_MSGSEND = YES;
				ENABLE_USER_SCRIPT_SANDBOXING = YES;
				GCC_C_LANGUAGE_STANDARD = gnu17;
				GCC_NO_COMMON_BLOCKS = YES;
				GCC_WARN_64_TO_32_BIT_CONVERSION = YES;
				GCC_WARN_ABOUT_RETURN_TYPE = YES_ERROR;
				GCC_WARN_UNDECLARED_SELECTOR = YES;
				GCC_WARN_UNINITIALIZED_AUTOS = YES_AGGRESSIVE;
				GCC_WARN_UNUSED_FUNCTION = YES;
				GCC_WARN_UNUSED_VARIABLE = YES;
				IPHONEOS_DEPLOYMENT_TARGET = 18.4;
				LOCALIZATION_PREFERS_STRING_CATALOGS = YES;
				MTL_ENABLE_DEBUG_INFO = NO;
				MTL_FAST_MATH = YES;
				SDKROOT = iphoneos;
				SWIFT_COMPILATION_MODE = wholemodule;
				VALIDATE_PRODUCT = YES;
			};
			name = Release;
		};
		7565470A2DAFF7BB00A6A0B1 /* Debug */ = {
			isa = XCBuildConfiguration;
			buildSettings = {
				BUNDLE_LOADER = "$(TEST_HOST)";
				CODE_SIGN_STYLE = Automatic;
				CURRENT_PROJECT_VERSION = 1;
				DEVELOPMENT_TEAM = UAQHTZ8555;
				GENERATE_INFOPLIST_FILE = YES;
				IPHONEOS_DEPLOYMENT_TARGET = 18.4;
				MARKETING_VERSION = 1.0;
				PRODUCT_BUNDLE_IDENTIFIER = com.Demo.NewsApp.SwiftMVVMAppTests;
				PRODUCT_NAME = "$(TARGET_NAME)";
				SWIFT_EMIT_LOC_STRINGS = NO;
				SWIFT_VERSION = 5.0;
				TARGETED_DEVICE_FAMILY = "1,2";
				TEST_HOST = "$(BUILT_PRODUCTS_DIR)/SwiftMVVMApp.app/$(BUNDLE_EXECUTABLE_FOLDER_PATH)/SwiftMVVMApp";
			};
			name = Debug;
		};
		7565470B2DAFF7BB00A6A0B1 /* Release */ = {
			isa = XCBuildConfiguration;
			buildSettings = {
				BUNDLE_LOADER = "$(TEST_HOST)";
				CODE_SIGN_STYLE = Automatic;
				CURRENT_PROJECT_VERSION = 1;
				DEVELOPMENT_TEAM = UAQHTZ8555;
				GENERATE_INFOPLIST_FILE = YES;
				IPHONEOS_DEPLOYMENT_TARGET = 18.4;
				MARKETING_VERSION = 1.0;
				PRODUCT_BUNDLE_IDENTIFIER = com.Demo.NewsApp.SwiftMVVMAppTests;
				PRODUCT_NAME = "$(TARGET_NAME)";
				SWIFT_EMIT_LOC_STRINGS = NO;
				SWIFT_VERSION = 5.0;
				TARGETED_DEVICE_FAMILY = "1,2";
				TEST_HOST = "$(BUILT_PRODUCTS_DIR)/SwiftMVVMApp.app/$(BUNDLE_EXECUTABLE_FOLDER_PATH)/SwiftMVVMApp";
			};
			name = Release;
		};
		7565470D2DAFF7BB00A6A0B1 /* Debug */ = {
			isa = XCBuildConfiguration;
			buildSettings = {
				CODE_SIGN_STYLE = Automatic;
				CURRENT_PROJECT_VERSION = 1;
				DEVELOPMENT_TEAM = UAQHTZ8555;
				GENERATE_INFOPLIST_FILE = YES;
				MARKETING_VERSION = 1.0;
				PRODUCT_BUNDLE_IDENTIFIER = com.Demo.NewsApp.SwiftMVVMAppUITests;
				PRODUCT_NAME = "$(TARGET_NAME)";
				SWIFT_EMIT_LOC_STRINGS = NO;
				SWIFT_VERSION = 5.0;
				TARGETED_DEVICE_FAMILY = "1,2";
				TEST_TARGET_NAME = SwiftMVVMApp;
			};
			name = Debug;
		};
		7565470E2DAFF7BB00A6A0B1 /* Release */ = {
			isa = XCBuildConfiguration;
			buildSettings = {
				CODE_SIGN_STYLE = Automatic;
				CURRENT_PROJECT_VERSION = 1;
				DEVELOPMENT_TEAM = UAQHTZ8555;
				GENERATE_INFOPLIST_FILE = YES;
				MARKETING_VERSION = 1.0;
				PRODUCT_BUNDLE_IDENTIFIER = com.Demo.NewsApp.SwiftMVVMAppUITests;
				PRODUCT_NAME = "$(TARGET_NAME)";
				SWIFT_EMIT_LOC_STRINGS = NO;
				SWIFT_VERSION = 5.0;
				TARGETED_DEVICE_FAMILY = "1,2";
				TEST_TARGET_NAME = SwiftMVVMApp;
			};
			name = Release;
		};
/* End XCBuildConfiguration section */

/* Begin XCConfigurationList section */
		756546D32DAFF7B800A6A0B1 /* Build configuration list for PBXProject "SwiftMVVMApp" */ = {
			isa = XCConfigurationList;
			buildConfigurations = (
				756547072DAFF7BB00A6A0B1 /* Debug */,
				756547082DAFF7BB00A6A0B1 /* Release */,
			);
			defaultConfigurationIsVisible = 0;
			defaultConfigurationName = Release;
		};
		756547042DAFF7BB00A6A0B1 /* Build configuration list for PBXNativeTarget "SwiftMVVMApp" */ = {
			isa = XCConfigurationList;
			buildConfigurations = (
				756547052DAFF7BB00A6A0B1 /* Debug */,
				756547062DAFF7BB00A6A0B1 /* Release */,
			);
			defaultConfigurationIsVisible = 0;
			defaultConfigurationName = Release;
		};
		756547092DAFF7BB00A6A0B1 /* Build configuration list for PBXNativeTarget "SwiftMVVMAppTests" */ = {
			isa = XCConfigurationList;
			buildConfigurations = (
				7565470A2DAFF7BB00A6A0B1 /* Debug */,
				7565470B2DAFF7BB00A6A0B1 /* Release */,
			);
			defaultConfigurationIsVisible = 0;
			defaultConfigurationName = Release;
		};
		7565470C2DAFF7BB00A6A0B1 /* Build configuration list for PBXNativeTarget "SwiftMVVMAppUITests" */ = {
			isa = XCConfigurationList;
			buildConfigurations = (
				7565470D2DAFF7BB00A6A0B1 /* Debug */,
				7565470E2DAFF7BB00A6A0B1 /* Release */,
			);
			defaultConfigurationIsVisible = 0;
			defaultConfigurationName = Release;
		};
/* End XCConfigurationList section */
	};
	rootObject = 756546D02DAFF7B800A6A0B1 /* Project object */;
}
